
Microsoft Visual Studio Solution File, Format Version 12.00
# Visual Studio 15
VisualStudioVersion = 15.0.26124.0
MinimumVisualStudioVersion = 15.0.26124.0
Project("{FAE04EC0-301F-11D3-BF4B-00C04F79EFBC}") = "SolarCoffee.Data", "SolarCoffee.Data\SolarCoffee.Data.csproj", "{8E1968ED-4D19-46C9-B739-C5C9EE4262FF}"
EndProject
Project("{FAE04EC0-301F-11D3-BF4B-00C04F79EFBC}") = "SolarCoffee.Services", "SolarCoffee.Services\SolarCoffee.Services.csproj", "{3BF3B38E-F6B5-424B-9D4D-CDBDBE86738E}"
EndProject
Project("{FAE04EC0-301F-11D3-BF4B-00C04F79EFBC}") = "SolarCoffee.Test", "SolarCoffee.Test\SolarCoffee.Test.csproj", "{7FBD993F-C3B2-497D-9F52-58FF056C546F}"
EndProject
Project("{FAE04EC0-301F-11D3-BF4B-00C04F79EFBC}") = "SolarCoffee.Web", "SolarCoffee.Web\SolarCoffee.Web.csproj", "{CDF9006E-95AF-45E0-951E-D94519B853F6}"
EndProject
Global
	GlobalSection(SolutionConfigurationPlatforms) = preSolution
		Debug|Any CPU = Debug|Any CPU
		Debug|x64 = Debug|x64
		Debug|x86 = Debug|x86
		Release|Any CPU = Release|Any CPU
		Release|x64 = Release|x64
		Release|x86 = Release|x86
	EndGlobalSection
	GlobalSection(SolutionProperties) = preSolution
		HideSolutionNode = FALSE
	EndGlobalSection
	GlobalSection(ProjectConfigurationPlatforms) = postSolution
		{8E1968ED-4D19-46C9-B739-C5C9EE4262FF}.Debug|Any CPU.ActiveCfg = Debug|Any CPU
		{8E1968ED-4D19-46C9-B739-C5C9EE4262FF}.Debug|Any CPU.Build.0 = Debug|Any CPU
		{8E1968ED-4D19-46C9-B739-C5C9EE4262FF}.Debug|x64.ActiveCfg = Debug|Any CPU
		{8E1968ED-4D19-46C9-B739-C5C9EE4262FF}.Debug|x64.Build.0 = Debug|Any CPU
		{8E1968ED-4D19-46C9-B739-C5C9EE4262FF}.Debug|x86.ActiveCfg = Debug|Any CPU
		{8E1968ED-4D19-46C9-B739-C5C9EE4262FF}.Debug|x86.Build.0 = Debug|Any CPU
		{8E1968ED-4D19-46C9-B739-C5C9EE4262FF}.Release|Any CPU.ActiveCfg = Release|Any CPU
		{8E1968ED-4D19-46C9-B739-C5C9EE4262FF}.Release|Any CPU.Build.0 = Release|Any CPU
		{8E1968ED-4D19-46C9-B739-C5C9EE4262FF}.Release|x64.ActiveCfg = Release|Any CPU
		{8E1968ED-4D19-46C9-B739-C5C9EE4262FF}.Release|x64.Build.0 = Release|Any CPU
		{8E1968ED-4D19-46C9-B739-C5C9EE4262FF}.Release|x86.ActiveCfg = Release|Any CPU
		{8E1968ED-4D19-46C9-B739-C5C9EE4262FF}.Release|x86.Build.0 = Release|Any CPU
		{3BF3B38E-F6B5-424B-9D4D-CDBDBE86738E}.Debug|Any CPU.ActiveCfg = Debug|Any CPU
		{3BF3B38E-F6B5-424B-9D4D-CDBDBE86738E}.Debug|Any CPU.Build.0 = Debug|Any CPU
		{3BF3B38E-F6B5-424B-9D4D-CDBDBE86738E}.Debug|x64.ActiveCfg = Debug|Any CPU
		{3BF3B38E-F6B5-424B-9D4D-CDBDBE86738E}.Debug|x64.Build.0 = Debug|Any CPU
		{3BF3B38E-F6B5-424B-9D4D-CDBDBE86738E}.Debug|x86.ActiveCfg = Debug|Any CPU
		{3BF3B38E-F6B5-424B-9D4D-CDBDBE86738E}.Debug|x86.Build.0 = Debug|Any CPU
		{3BF3B38E-F6B5-424B-9D4D-CDBDBE86738E}.Release|Any CPU.ActiveCfg = Release|Any CPU
		{3BF3B38E-F6B5-424B-9D4D-CDBDBE86738E}.Release|Any CPU.Build.0 = Release|Any CPU
		{3BF3B38E-F6B5-424B-9D4D-CDBDBE86738E}.Release|x64.ActiveCfg = Release|Any CPU
		{3BF3B38E-F6B5-424B-9D4D-CDBDBE86738E}.Release|x64.Build.0 = Release|Any CPU
		{3BF3B38E-F6B5-424B-9D4D-CDBDBE86738E}.Release|x86.ActiveCfg = Release|Any CPU
		{3BF3B38E-F6B5-424B-9D4D-CDBDBE86738E}.Release|x86.Build.0 = Release|Any CPU
		{7FBD993F-C3B2-497D-9F52-58FF056C546F}.Debug|Any CPU.ActiveCfg = Debug|Any CPU
		{7FBD993F-C3B2-497D-9F52-58FF056C546F}.Debug|Any CPU.Build.0 = Debug|Any CPU
		{7FBD993F-C3B2-497D-9F52-58FF056C546F}.Debug|x64.ActiveCfg = Debug|Any CPU
		{7FBD993F-C3B2-497D-9F52-58FF056C546F}.Debug|x64.Build.0 = Debug|Any CPU
		{7FBD993F-C3B2-497D-9F52-58FF056C546F}.Debug|x86.ActiveCfg = Debug|Any CPU
		{7FBD993F-C3B2-497D-9F52-58FF056C546F}.Debug|x86.Build.0 = Debug|Any CPU
		{7FBD993F-C3B2-497D-9F52-58FF056C546F}.Release|Any CPU.ActiveCfg = Release|Any CPU
		{7FBD993F-C3B2-497D-9F52-58FF056C546F}.Release|Any CPU.Build.0 = Release|Any CPU
		{7FBD993F-C3B2-497D-9F52-58FF056C546F}.Release|x64.ActiveCfg = Release|Any CPU
		{7FBD993F-C3B2-497D-9F52-58FF056C546F}.Release|x64.Build.0 = Release|Any CPU
		{7FBD993F-C3B2-497D-9F52-58FF056C546F}.Release|x86.ActiveCfg = Release|Any CPU
		{7FBD993F-C3B2-497D-9F52-58FF056C546F}.Release|x86.Build.0 = Release|Any CPU
		{CDF9006E-95AF-45E0-951E-D94519B853F6}.Debug|Any CPU.ActiveCfg = Debug|Any CPU
		{CDF9006E-95AF-45E0-951E-D94519B853F6}.Debug|Any CPU.Build.0 = Debug|Any CPU
		{CDF9006E-95AF-45E0-951E-D94519B853F6}.Debug|x64.ActiveCfg = Debug|Any CPU
		{CDF9006E-95AF-45E0-951E-D94519B853F6}.Debug|x64.Build.0 = Debug|Any CPU
		{CDF9006E-95AF-45E0-951E-D94519B853F6}.Debug|x86.ActiveCfg = Debug|Any CPU
		{CDF9006E-95AF-45E0-951E-D94519B853F6}.Debug|x86.Build.0 = Debug|Any CPU
		{CDF9006E-95AF-45E0-951E-D94519B853F6}.Release|Any CPU.ActiveCfg = Release|Any CPU
		{CDF9006E-95AF-45E0-951E-D94519B853F6}.Release|Any CPU.Build.0 = Release|Any CPU
		{CDF9006E-95AF-45E0-951E-D94519B853F6}.Release|x64.ActiveCfg = Release|Any CPU
		{CDF9006E-95AF-45E0-951E-D94519B853F6}.Release|x64.Build.0 = Release|Any CPU
		{CDF9006E-95AF-45E0-951E-D94519B853F6}.Release|x86.ActiveCfg = Release|Any CPU
		{CDF9006E-95AF-45E0-951E-D94519B853F6}.Release|x86.Build.0 = Release|Any CPU
	EndGlobalSection
EndGlobal
